
Microsoft Visual Studio Solution File, Format Version 12.00
# Visual Studio Version 17
VisualStudioVersion = 17.1.32210.238
MinimumVisualStudioVersion = 10.0.40219.1
Project("{9A19103F-16F7-4668-BE54-9A1E7A4F7556}") = "NLayer.Core", "NLayer.Core\NLayer.Core.csproj", "{A4418E8C-84D6-45E8-B3F8-DCCE2A68E2FB}"
EndProject
Project("{9A19103F-16F7-4668-BE54-9A1E7A4F7556}") = "NLayer.Repository", "NLayer.Repository\NLayer.Repository.csproj", "{8B7160BB-F8B7-4970-9EB0-E0058C2D3968}"
EndProject
Project("{9A19103F-16F7-4668-BE54-9A1E7A4F7556}") = "NLayer.Service", "NLayer.Service\NLayer.Service.csproj", "{BE0C7418-D4A1-4620-A60C-95D502CC4D9A}"
EndProject
Project("{9A19103F-16F7-4668-BE54-9A1E7A4F7556}") = "NLayer.API", "NLayer.API\NLayer.API.csproj", "{D2749771-8486-4313-B2A6-DEA5A0357E14}"
EndProject
Project("{9A19103F-16F7-4668-BE54-9A1E7A4F7556}") = "NLayer.Caching", "NLayer.Caching\NLayer.Caching.csproj", "{9CFE69E1-8015-48F8-AFFE-801BC3536D7F}"
EndProject
Project("{9A19103F-16F7-4668-BE54-9A1E7A4F7556}") = "NLayer.Web", "NLayer.Web\NLayer.Web.csproj", "{7B217900-D88A-4F6C-85CB-2927530B81D1}"
EndProject
Project("{2150E333-8FDC-42A3-9474-1A3956D46DE8}") = "Solution Items", "Solution Items", "{CF6DB298-CF75-401A-866F-6B6C195EF0FF}"
	ProjectSection(SolutionItems) = preProject
		Port.txt = Port.txt
	EndProjectSection
EndProject
Global
	GlobalSection(SolutionConfigurationPlatforms) = preSolution
		Debug|Any CPU = Debug|Any CPU
		Release|Any CPU = Release|Any CPU
	EndGlobalSection
	GlobalSection(ProjectConfigurationPlatforms) = postSolution
		{A4418E8C-84D6-45E8-B3F8-DCCE2A68E2FB}.Debug|Any CPU.ActiveCfg = Debug|Any CPU
		{A4418E8C-84D6-45E8-B3F8-DCCE2A68E2FB}.Debug|Any CPU.Build.0 = Debug|Any CPU
		{A4418E8C-84D6-45E8-B3F8-DCCE2A68E2FB}.Release|Any CPU.ActiveCfg = Release|Any CPU
		{A4418E8C-84D6-45E8-B3F8-DCCE2A68E2FB}.Release|Any CPU.Build.0 = Release|Any CPU
		{8B7160BB-F8B7-4970-9EB0-E0058C2D3968}.Debug|Any CPU.ActiveCfg = Debug|Any CPU
		{8B7160BB-F8B7-4970-9EB0-E0058C2D3968}.Debug|Any CPU.Build.0 = Debug|Any CPU
		{8B7160BB-F8B7-4970-9EB0-E0058C2D3968}.Release|Any CPU.ActiveCfg = Release|Any CPU
		{8B7160BB-F8B7-4970-9EB0-E0058C2D3968}.Release|Any CPU.Build.0 = Release|Any CPU
		{BE0C7418-D4A1-4620-A60C-95D502CC4D9A}.Debug|Any CPU.ActiveCfg = Debug|Any CPU
		{BE0C7418-D4A1-4620-A60C-95D502CC4D9A}.Debug|Any CPU.Build.0 = Debug|Any CPU
		{BE0C7418-D4A1-4620-A60C-95D502CC4D9A}.Release|Any CPU.ActiveCfg = Release|Any CPU
		{BE0C7418-D4A1-4620-A60C-95D502CC4D9A}.Release|Any CPU.Build.0 = Release|Any CPU
		{D2749771-8486-4313-B2A6-DEA5A0357E14}.Debug|Any CPU.ActiveCfg = Debug|Any CPU
		{D2749771-8486-4313-B2A6-DEA5A0357E14}.Debug|Any CPU.Build.0 = Debug|Any CPU
		{D2749771-8486-4313-B2A6-DEA5A0357E14}.Release|Any CPU.ActiveCfg = Release|Any CPU
		{D2749771-8486-4313-B2A6-DEA5A0357E14}.Release|Any CPU.Build.0 = Release|Any CPU
		{9CFE69E1-8015-48F8-AFFE-801BC3536D7F}.Debug|Any CPU.ActiveCfg = Debug|Any CPU
		{9CFE69E1-8015-48F8-AFFE-801BC3536D7F}.Debug|Any CPU.Build.0 = Debug|Any CPU
		{9CFE69E1-8015-48F8-AFFE-801BC3536D7F}.Release|Any CPU.ActiveCfg = Release|Any CPU
		{9CFE69E1-8015-48F8-AFFE-801BC3536D7F}.Release|Any CPU.Build.0 = Release|Any CPU
		{7B217900-D88A-4F6C-85CB-2927530B81D1}.Debug|Any CPU.ActiveCfg = Debug|Any CPU
		{7B217900-D88A-4F6C-85CB-2927530B81D1}.Debug|Any CPU.Build.0 = Debug|Any CPU
		{7B217900-D88A-4F6C-85CB-2927530B81D1}.Release|Any CPU.ActiveCfg = Release|Any CPU
		{7B217900-D88A-4F6C-85CB-2927530B81D1}.Release|Any CPU.Build.0 = Release|Any CPU
	EndGlobalSection
	GlobalSection(SolutionProperties) = preSolution
		HideSolutionNode = FALSE
	EndGlobalSection
	GlobalSection(ExtensibilityGlobals) = postSolution
		SolutionGuid = {68067EBE-1B31-4665-B8F7-7BDB004627EB}
	EndGlobalSection
EndGlobal
